
Microsoft Visual Studio Solution File, Format Version 12.00
# Visual Studio Version 16
VisualStudioVersion = 16.0.30804.86
MinimumVisualStudioVersion = 10.0.40219.1
Project("{FAE04EC0-301F-11D3-BF4B-00C04F79EFBC}") = "ChatrDate", "ChatrDate.csproj", "{3B0D5861-96AF-437A-8028-0D7F0A3DB73A}"
EndProject
Project("{FAE04EC0-301F-11D3-BF4B-00C04F79EFBC}") = "EmailService", "..\EmailService\EmailService.csproj", "{F0038B3D-0375-4260-88B4-059365F1CBB1}"
EndProject
Global
	GlobalSection(SolutionConfigurationPlatforms) = preSolution
		Debug|Any CPU = Debug|Any CPU
		Release|Any CPU = Release|Any CPU
	EndGlobalSection
	GlobalSection(ProjectConfigurationPlatforms) = postSolution
		{3B0D5861-96AF-437A-8028-0D7F0A3DB73A}.Debug|Any CPU.ActiveCfg = Debug|Any CPU
		{3B0D5861-96AF-437A-8028-0D7F0A3DB73A}.Debug|Any CPU.Build.0 = Debug|Any CPU
		{3B0D5861-96AF-437A-8028-0D7F0A3DB73A}.Release|Any CPU.ActiveCfg = Release|Any CPU
		{3B0D5861-96AF-437A-8028-0D7F0A3DB73A}.Release|Any CPU.Build.0 = Release|Any CPU
		{F0038B3D-0375-4260-88B4-059365F1CBB1}.Debug|Any CPU.ActiveCfg = Debug|Any CPU
		{F0038B3D-0375-4260-88B4-059365F1CBB1}.Debug|Any CPU.Build.0 = Debug|Any CPU
		{F0038B3D-0375-4260-88B4-059365F1CBB1}.Release|Any CPU.ActiveCfg = Release|Any CPU
		{F0038B3D-0375-4260-88B4-059365F1CBB1}.Release|Any CPU.Build.0 = Release|Any CPU
	EndGlobalSection
	GlobalSection(SolutionProperties) = preSolution
		HideSolutionNode = FALSE
	EndGlobalSection
	GlobalSection(ExtensibilityGlobals) = postSolution
		SolutionGuid = {CBEC3BB2-EF46-41A8-BE99-02A3A40D1AFB}
	EndGlobalSection
EndGlobal
